
Microsoft Visual Studio Solution File, Format Version 12.00
# Visual Studio Version 17
VisualStudioVersion = 17.2.32616.157
MinimumVisualStudioVersion = 10.0.40219.1
Project("{9A19103F-16F7-4668-BE54-9A1E7A4F7556}") = "Core.Persistence", "Core.Persistence\Core.Persistence.csproj", "{1526F80C-826D-4D7E-BF3A-B214762461E3}"
EndProject
Project("{9A19103F-16F7-4668-BE54-9A1E7A4F7556}") = "Core.Application", "Core.Application\Core.Application.csproj", "{9126F061-44C9-4FBE-9FE8-E9144E940EB9}"
EndProject
Project("{FAE04EC0-301F-11D3-BF4B-00C04F79EFBC}") = "Core.CrossCuttingConcerns", "Core.CrossCuttingConcerns\Core.CrossCuttingConcerns.csproj", "{91CA98B3-715C-4F86-8459-EC0C934AE6D7}"
EndProject
Global
	GlobalSection(SolutionConfigurationPlatforms) = preSolution
		Debug|Any CPU = Debug|Any CPU
		Release|Any CPU = Release|Any CPU
	EndGlobalSection
	GlobalSection(ProjectConfigurationPlatforms) = postSolution
		{1526F80C-826D-4D7E-BF3A-B214762461E3}.Debug|Any CPU.ActiveCfg = Debug|Any CPU
		{1526F80C-826D-4D7E-BF3A-B214762461E3}.Debug|Any CPU.Build.0 = Debug|Any CPU
		{1526F80C-826D-4D7E-BF3A-B214762461E3}.Release|Any CPU.ActiveCfg = Release|Any CPU
		{1526F80C-826D-4D7E-BF3A-B214762461E3}.Release|Any CPU.Build.0 = Release|Any CPU
		{9126F061-44C9-4FBE-9FE8-E9144E940EB9}.Debug|Any CPU.ActiveCfg = Debug|Any CPU
		{9126F061-44C9-4FBE-9FE8-E9144E940EB9}.Debug|Any CPU.Build.0 = Debug|Any CPU
		{9126F061-44C9-4FBE-9FE8-E9144E940EB9}.Release|Any CPU.ActiveCfg = Release|Any CPU
		{9126F061-44C9-4FBE-9FE8-E9144E940EB9}.Release|Any CPU.Build.0 = Release|Any CPU
		{91CA98B3-715C-4F86-8459-EC0C934AE6D7}.Debug|Any CPU.ActiveCfg = Debug|Any CPU
		{91CA98B3-715C-4F86-8459-EC0C934AE6D7}.Debug|Any CPU.Build.0 = Debug|Any CPU
		{91CA98B3-715C-4F86-8459-EC0C934AE6D7}.Release|Any CPU.ActiveCfg = Release|Any CPU
		{91CA98B3-715C-4F86-8459-EC0C934AE6D7}.Release|Any CPU.Build.0 = Release|Any CPU
	EndGlobalSection
	GlobalSection(SolutionProperties) = preSolution
		HideSolutionNode = FALSE
	EndGlobalSection
	GlobalSection(ExtensibilityGlobals) = postSolution
		SolutionGuid = {CF1169C8-FC07-427D-880B-A1D9DAB4619D}
	EndGlobalSection
EndGlobal
